
Microsoft Visual Studio Solution File, Format Version 12.00
# Visual Studio Version 16
VisualStudioVersion = 16.0.30413.136
MinimumVisualStudioVersion = 10.0.40219.1
Project("{FAE04EC0-301F-11D3-BF4B-00C04F79EFBC}") = "LojaDesporto", "LojaDesporto\LojaDesporto.csproj", "{6DD9DF0E-CC50-4229-8F5D-C14CC71839D2}"
EndProject
Global
	GlobalSection(SolutionConfigurationPlatforms) = preSolution
		Debug|Any CPU = Debug|Any CPU
		Release|Any CPU = Release|Any CPU
	EndGlobalSection
	GlobalSection(ProjectConfigurationPlatforms) = postSolution
		{6DD9DF0E-CC50-4229-8F5D-C14CC71839D2}.Debug|Any CPU.ActiveCfg = Debug|Any CPU
		{6DD9DF0E-CC50-4229-8F5D-C14CC71839D2}.Debug|Any CPU.Build.0 = Debug|Any CPU
		{6DD9DF0E-CC50-4229-8F5D-C14CC71839D2}.Release|Any CPU.ActiveCfg = Release|Any CPU
		{6DD9DF0E-CC50-4229-8F5D-C14CC71839D2}.Release|Any CPU.Build.0 = Release|Any CPU
	EndGlobalSection
	GlobalSection(SolutionProperties) = preSolution
		HideSolutionNode = FALSE
	EndGlobalSection
	GlobalSection(ExtensibilityGlobals) = postSolution
		SolutionGuid = {105C7347-63C3-4A87-BFB6-EAAE9566D754}
	EndGlobalSection
EndGlobal
